
Microsoft Visual Studio Solution File, Format Version 12.00
# Visual Studio 2012
Project("{FAE04EC0-301F-11D3-BF4B-00C04F79EFBC}") = "XamStore.XPlat.Tests", "XamStore.XPlat.Tests\XamStore.XPlat.Tests.csproj", "{2D6CC904-886A-4B00-90DF-999FE1157DA9}"
EndProject
Global
	GlobalSection(SolutionConfigurationPlatforms) = preSolution
		Debug|Any CPU = Debug|Any CPU
		Release|Any CPU = Release|Any CPU
	EndGlobalSection
	GlobalSection(ProjectConfigurationPlatforms) = postSolution
		{2D6CC904-886A-4B00-90DF-999FE1157DA9}.Debug|Any CPU.ActiveCfg = Debug|Any CPU
		{2D6CC904-886A-4B00-90DF-999FE1157DA9}.Debug|Any CPU.Build.0 = Debug|Any CPU
		{2D6CC904-886A-4B00-90DF-999FE1157DA9}.Release|Any CPU.ActiveCfg = Release|Any CPU
		{2D6CC904-886A-4B00-90DF-999FE1157DA9}.Release|Any CPU.Build.0 = Release|Any CPU
	EndGlobalSection
	GlobalSection(MonoDevelopProperties) = preSolution
		StartupItem = XamStore.XPlat.Tests\XamStore.XPlat.Tests.csproj
	EndGlobalSection
EndGlobal
